
Microsoft Visual Studio Solution File, Format Version 12.00
# Visual Studio Version 17
VisualStudioVersion = 17.14.36518.9 d17.14
MinimumVisualStudioVersion = 10.0.40219.1
Project("{FAE04EC0-301F-11D3-BF4B-00C04F79EFBC}") = "BitRuisseau", "BitRuisseau\BitRuisseau.csproj", "{7C46AFD1-7C57-4489-851F-9338D750C296}"
EndProject
Global
	GlobalSection(SolutionConfigurationPlatforms) = preSolution
		Debug|Any CPU = Debug|Any CPU
		Release|Any CPU = Release|Any CPU
	EndGlobalSection
	GlobalSection(ProjectConfigurationPlatforms) = postSolution
		{7C46AFD1-7C57-4489-851F-9338D750C296}.Debug|Any CPU.ActiveCfg = Debug|Any CPU
		{7C46AFD1-7C57-4489-851F-9338D750C296}.Debug|Any CPU.Build.0 = Debug|Any CPU
		{7C46AFD1-7C57-4489-851F-9338D750C296}.Release|Any CPU.ActiveCfg = Release|Any CPU
		{7C46AFD1-7C57-4489-851F-9338D750C296}.Release|Any CPU.Build.0 = Release|Any CPU
	EndGlobalSection
	GlobalSection(SolutionProperties) = preSolution
		HideSolutionNode = FALSE
	EndGlobalSection
	GlobalSection(ExtensibilityGlobals) = postSolution
		SolutionGuid = {955D9384-53B6-4038-88BE-9445394E77C5}
	EndGlobalSection
EndGlobal
